<?xml version="1.0" encoding="utf-8"?>
<Project ToolsVersion="4.0" xmlns="http://schemas.microsoft.com/developer/msbuild/2003">
  <ItemGroup>
    <Filter Include="Source Files">
      <UniqueIdentifier>{4FC737F1-C7A5-4376-A066-2A32D752A2FF}</UniqueIdentifier>
      <Extensions>cpp;c;cc;cxx;def;odl;idl;hpj;bat;asm;asmx</Extensions>
    </Filter>
    <Filter Include="Header Files">
      <UniqueIdentifier>{93995380-89BD-4b04-88EB-625FBE52EBFB}</UniqueIdentifier>
      <Extensions>h;hpp;hxx;hm;inl;inc;xsd</Extensions>
    </Filter>
    <Filter Include="Resource Files">
      <UniqueIdentifier>{67DA6AB6-F800-4c08-8B7A-83BB121AAD01}</UniqueIdentifier>
      <Extensions>rc;ico;cur;bmp;dlg;rc2;rct;bin;rgs;gif;jpg;jpeg;jpe;resx;tiff;tif;png;wav;mfcribbon-ms</Extensions>
    </Filter>
  </ItemGroup>
  <ItemGroup>
    <None Include="ReadMe.txt" />
  </ItemGroup>
  <ItemGroup>
    <ClCompile Include="SDK\bspfile.c">
      <Filter>Source Files</Filter>
    </ClCompile>
    <ClCompile Include="SDK\cmdlib.c">
      <Filter>Source Files</Filter>
    </ClCompile>
    <ClCompile Include="SDK\lbmlib.c">
      <Filter>Source Files</Filter>
    </ClCompile>
    <ClCompile Include="SDK\mathlib.c">
      <Filter>Source Files</Filter>
    </ClCompile>
    <ClCompile Include="SDK\polylib.c">
      <Filter>Source Files</Filter>
    </ClCompile>
    <ClCompile Include="SDK\scriplib.c">
      <Filter>Source Files</Filter>
    </ClCompile>
    <ClCompile Include="SDK\threads.c">
      <Filter>Source Files</Filter>
    </ClCompile>
    <ClCompile Include="SDK\trilib.c">
      <Filter>Source Files</Filter>
    </ClCompile>
    <ClCompile Include="SDK\wadlib.c">
      <Filter>Source Files</Filter>
    </ClCompile>
  </ItemGroup>
  <ItemGroup>
    <ClInclude Include="SDK\bspfile.h">
      <Filter>Header Files</Filter>
    </ClInclude>
    <ClInclude Include="SDK\cmdlib.h">
      <Filter>Header Files</Filter>
    </ClInclude>
    <ClInclude Include="SDK\lbmlib.h">
      <Filter>Header Files</Filter>
    </ClInclude>
    <ClInclude Include="SDK\mathlib.h">
      <Filter>Header Files</Filter>
    </ClInclude>
    <ClInclude Include="SDK\movie.h">
      <Filter>Header Files</Filter>
    </ClInclude>
    <ClInclude Include="SDK\polylib.h">
      <Filter>Header Files</Filter>
    </ClInclude>
    <ClInclude Include="SDK\scriplib.h">
      <Filter>Header Files</Filter>
    </ClInclude>
    <ClInclude Include="SDK\threads.h">
      <Filter>Header Files</Filter>
    </ClInclude>
    <ClInclude Include="SDK\trilib.h">
      <Filter>Header Files</Filter>
    </ClInclude>
    <ClInclude Include="SDK\wadlib.h">
      <Filter>Header Files</Filter>
    </ClInclude>
  </ItemGroup>
</Project>